
Microsoft Visual Studio Solution File, Format Version 12.00
# Visual Studio Version 17
VisualStudioVersion = 17.11.35219.272
MinimumVisualStudioVersion = 10.0.40219.1
Project("{FAE04EC0-301F-11D3-BF4B-00C04F79EFBC}") = "back", "back.csproj", "{575241C0-916E-4B24-90F1-4246CD2050EB}"
EndProject
Project("{FAE04EC0-301F-11D3-BF4B-00C04F79EFBC}") = "Core", "..\Core\Core.csproj", "{1D832BF8-6617-4AFB-B234-E323E257EB30}"
EndProject
Project("{FAE04EC0-301F-11D3-BF4B-00C04F79EFBC}") = "Persistence", "..\Persistence\Persistence.csproj", "{E3C49BC8-BA01-4558-80FD-13DEE604955E}"
EndProject
Project("{FAE04EC0-301F-11D3-BF4B-00C04F79EFBC}") = "Infrastructure", "..\Infrastructure\Infrastructure.csproj", "{F72366BC-E284-4A0E-91C6-AB13818D098C}"
EndProject
Global
	GlobalSection(SolutionConfigurationPlatforms) = preSolution
		Debug|Any CPU = Debug|Any CPU
		Release|Any CPU = Release|Any CPU
	EndGlobalSection
	GlobalSection(ProjectConfigurationPlatforms) = postSolution
		{575241C0-916E-4B24-90F1-4246CD2050EB}.Debug|Any CPU.ActiveCfg = Debug|Any CPU
		{575241C0-916E-4B24-90F1-4246CD2050EB}.Debug|Any CPU.Build.0 = Debug|Any CPU
		{575241C0-916E-4B24-90F1-4246CD2050EB}.Release|Any CPU.ActiveCfg = Release|Any CPU
		{575241C0-916E-4B24-90F1-4246CD2050EB}.Release|Any CPU.Build.0 = Release|Any CPU
		{1D832BF8-6617-4AFB-B234-E323E257EB30}.Debug|Any CPU.ActiveCfg = Debug|Any CPU
		{1D832BF8-6617-4AFB-B234-E323E257EB30}.Debug|Any CPU.Build.0 = Debug|Any CPU
		{1D832BF8-6617-4AFB-B234-E323E257EB30}.Release|Any CPU.ActiveCfg = Release|Any CPU
		{1D832BF8-6617-4AFB-B234-E323E257EB30}.Release|Any CPU.Build.0 = Release|Any CPU
		{E3C49BC8-BA01-4558-80FD-13DEE604955E}.Debug|Any CPU.ActiveCfg = Debug|Any CPU
		{E3C49BC8-BA01-4558-80FD-13DEE604955E}.Debug|Any CPU.Build.0 = Debug|Any CPU
		{E3C49BC8-BA01-4558-80FD-13DEE604955E}.Release|Any CPU.ActiveCfg = Release|Any CPU
		{E3C49BC8-BA01-4558-80FD-13DEE604955E}.Release|Any CPU.Build.0 = Release|Any CPU
		{F72366BC-E284-4A0E-91C6-AB13818D098C}.Debug|Any CPU.ActiveCfg = Debug|Any CPU
		{F72366BC-E284-4A0E-91C6-AB13818D098C}.Debug|Any CPU.Build.0 = Debug|Any CPU
		{F72366BC-E284-4A0E-91C6-AB13818D098C}.Release|Any CPU.ActiveCfg = Release|Any CPU
		{F72366BC-E284-4A0E-91C6-AB13818D098C}.Release|Any CPU.Build.0 = Release|Any CPU
	EndGlobalSection
	GlobalSection(SolutionProperties) = preSolution
		HideSolutionNode = FALSE
	EndGlobalSection
	GlobalSection(ExtensibilityGlobals) = postSolution
		SolutionGuid = {6681821F-1D2A-49B3-BD31-CEE07A0E367D}
	EndGlobalSection
EndGlobal
